
Microsoft Visual Studio Solution File, Format Version 12.00
# Visual Studio Version 16
VisualStudioVersion = 16.0.28803.156
MinimumVisualStudioVersion = 10.0.40219.1
Project("{FAE04EC0-301F-11D3-BF4B-00C04F79EFBC}") = "MC.RocketMatter", ".\MC.RocketMatter\MC.RocketMatter.csproj", "{F43E9EC4-053E-41B2-BE9E-56C2D785B874}"
EndProject
Project("{FAE04EC0-301F-11D3-BF4B-00C04F79EFBC}") = "MC.RocketMatter.Authentication.Wpf", ".\MC.RocketMatter.Authentication.Wpf\MC.RocketMatter.Authentication.Wpf.csproj", "{55D18764-3BC8-4FC8-9F41-676C82D4286C}"
EndProject
Project("{FAE04EC0-301F-11D3-BF4B-00C04F79EFBC}") = "MC.RocketMatter.Authentication.Wpf.CefSharp", ".\MC.RocketMatter.Authentication.Wpf.CefSharp\MC.RocketMatter.Authentication.Wpf.CefSharp.csproj", "{F60FC1B0-3130-4E79-8926-CBD7F61179CC}"
EndProject
Project("{FAE04EC0-301F-11D3-BF4B-00C04F79EFBC}") = "MC.RocketMatter.Authentication.Embedded", ".\MC.RocketMatter.Authentication.Embedded\MC.RocketMatter.Authentication.Embedded.csproj", "{786F1F40-35ED-44C6-8C6D-587EC8754DF3}"
EndProject
Project("{FAE04EC0-301F-11D3-BF4B-00C04F79EFBC}") = "MC.RocketMatter.Tests", ".\MC.RocketMatter.Tests\MC.RocketMatter.Tests.csproj", "{A35FF859-7580-40D2-8332-2BE9ABE56DE9}"
EndProject
Global
	GlobalSection(SolutionConfigurationPlatforms) = preSolution
		Debug|Any CPU = Debug|Any CPU
		Release|Any CPU = Release|Any CPU
	EndGlobalSection
	GlobalSection(ProjectConfigurationPlatforms) = postSolution
		{F43E9EC4-053E-41B2-BE9E-56C2D785B874}.Debug|Any CPU.ActiveCfg = Debug|Any CPU
		{F43E9EC4-053E-41B2-BE9E-56C2D785B874}.Debug|Any CPU.Build.0 = Debug|Any CPU
		{F43E9EC4-053E-41B2-BE9E-56C2D785B874}.Release|Any CPU.ActiveCfg = Release|Any CPU
		{F43E9EC4-053E-41B2-BE9E-56C2D785B874}.Release|Any CPU.Build.0 = Release|Any CPU
		{55D18764-3BC8-4FC8-9F41-676C82D4286C}.Debug|Any CPU.ActiveCfg = Debug|Any CPU
		{55D18764-3BC8-4FC8-9F41-676C82D4286C}.Debug|Any CPU.Build.0 = Debug|Any CPU
		{55D18764-3BC8-4FC8-9F41-676C82D4286C}.Release|Any CPU.ActiveCfg = Release|Any CPU
		{55D18764-3BC8-4FC8-9F41-676C82D4286C}.Release|Any CPU.Build.0 = Release|Any CPU
		{F60FC1B0-3130-4E79-8926-CBD7F61179CC}.Debug|Any CPU.ActiveCfg = Debug|Any CPU
		{F60FC1B0-3130-4E79-8926-CBD7F61179CC}.Debug|Any CPU.Build.0 = Debug|Any CPU
		{F60FC1B0-3130-4E79-8926-CBD7F61179CC}.Release|Any CPU.ActiveCfg = Release|Any CPU
		{F60FC1B0-3130-4E79-8926-CBD7F61179CC}.Release|Any CPU.Build.0 = Release|Any CPU
		{786F1F40-35ED-44C6-8C6D-587EC8754DF3}.Debug|Any CPU.ActiveCfg = Debug|Any CPU
		{786F1F40-35ED-44C6-8C6D-587EC8754DF3}.Debug|Any CPU.Build.0 = Debug|Any CPU
		{786F1F40-35ED-44C6-8C6D-587EC8754DF3}.Release|Any CPU.ActiveCfg = Release|Any CPU
		{786F1F40-35ED-44C6-8C6D-587EC8754DF3}.Release|Any CPU.Build.0 = Release|Any CPU
		{A35FF859-7580-40D2-8332-2BE9ABE56DE9}.Debug|Any CPU.ActiveCfg = Debug|Any CPU
		{A35FF859-7580-40D2-8332-2BE9ABE56DE9}.Debug|Any CPU.Build.0 = Debug|Any CPU
		{A35FF859-7580-40D2-8332-2BE9ABE56DE9}.Release|Any CPU.ActiveCfg = Release|Any CPU
		{A35FF859-7580-40D2-8332-2BE9ABE56DE9}.Release|Any CPU.Build.0 = Release|Any CPU
	EndGlobalSection
	GlobalSection(SolutionProperties) = preSolution
		HideSolutionNode = FALSE
	EndGlobalSection
	GlobalSection(ExtensibilityGlobals) = postSolution
		SolutionGuid = {CE20ACF5-B691-410A-A20C-240438EFF6D9}
	EndGlobalSection
EndGlobal
